// !$*UTF8*$!
{
	archiveVersion = 1;
	classes = {
	};
	objectVersion = 77;
	objects = {

/* Begin PBXBuildFile section */
		0043F4C3C4EAEA88EC8C53DF /* AnswerView.swift in Sources */ = {isa = PBXBuildFile; fileRef = 4ADC816024CD2DDA484DC17E /* AnswerView.swift */; };
		08392CF75E23B59DFC5ED4E5 /* SystemAudioCapture.swift in Sources */ = {isa = PBXBuildFile; fileRef = 7433A59D9DD626C7602E6333 /* SystemAudioCapture.swift */; };
		0A0B327DA94830BB8990A7CD /* AppDelegate.swift in Sources */ = {isa = PBXBuildFile; fileRef = 79B4998652BCBF374D524D85 /* AppDelegate.swift */; };
		1A79D6EDD993FB2E2D5697B8 /* ShadowPilotApp.swift in Sources */ = {isa = PBXBuildFile; fileRef = 47052D880ADFA27F46D73340 /* ShadowPilotApp.swift */; };
		1B7D3B3A0070E97A45CC1CE9 /* MarkdownView.swift in Sources */ = {isa = PBXBuildFile; fileRef = 07F49371C3A55A95AC69E7AB /* MarkdownView.swift */; };
		2690A06CBE9725F6FC37EE6C /* Assets.xcassets in Resources */ = {isa = PBXBuildFile; fileRef = 4E8A1317EFCB23DC2618186E /* Assets.xcassets */; };
		27E2CB7873A25E4EA25303D7 /* ModelRouter.swift in Sources */ = {isa = PBXBuildFile; fileRef = FE787A118F5C5B13F456C5E2 /* ModelRouter.swift */; };
		27EE62EC8743B3064B1BC6C6 /* GPTService.swift in Sources */ = {isa = PBXBuildFile; fileRef = 50E64B6D456F574501495516 /* GPTService.swift */; };
		282F9409BF1DDB395CBE2FD3 /* Speech.framework in Frameworks */ = {isa = PBXBuildFile; fileRef = 92DA2823402CA978FE9A6AF4 /* Speech.framework */; };
		2FF0E010C1C14362D5606417 /* ScreenCaptureKit.framework in Frameworks */ = {isa = PBXBuildFile; fileRef = EC14EF449C62406CCF3890B9 /* ScreenCaptureKit.framework */; };
		388A9F028975A1B654ED897A /* OverlayWindowController.swift in Sources */ = {isa = PBXBuildFile; fileRef = C23EC70FF80E785ACAB2A922 /* OverlayWindowController.swift */; };
		42D4C0F0F6DA3A9EA4FD31D3 /* SilenceDetector.swift in Sources */ = {isa = PBXBuildFile; fileRef = 1E77E6E05BE0FC92A745D357 /* SilenceDetector.swift */; };
		4B0357380D727D1FBD7EC6B4 /* BedrockService.swift in Sources */ = {isa = PBXBuildFile; fileRef = A8AAAD4D0765FE15D8B74289 /* BedrockService.swift */; };
		4C40D7BDAAE1FBF12F5687F5 /* StyleRecorder.swift in Sources */ = {isa = PBXBuildFile; fileRef = 2C27A7099625C0B392452227 /* StyleRecorder.swift */; };
		5AA990CA93BF8F0C00854CC3 /* ScreenshotCapture.swift in Sources */ = {isa = PBXBuildFile; fileRef = A8676800AA4AE8AD433401D7 /* ScreenshotCapture.swift */; };
		73AADB8396944B7157BECEFB /* EnvConfig.swift in Sources */ = {isa = PBXBuildFile; fileRef = 3DEE52FE5D5331984AF2A926 /* EnvConfig.swift */; };
		8848228B8100520E9F9EDE97 /* HistoryView.swift in Sources */ = {isa = PBXBuildFile; fileRef = E736887ED93B9A8892C53152 /* HistoryView.swift */; };
		88C5ACA413E6F0DB3C2814C9 /* ConversationTurn.swift in Sources */ = {isa = PBXBuildFile; fileRef = 7AC8EC72A0B7356F4983995A /* ConversationTurn.swift */; };
		8CCC39CAB005D7FFBAD55348 /* ContentView.swift in Sources */ = {isa = PBXBuildFile; fileRef = 3CE481C24D3866F924580ACD /* ContentView.swift */; };
		921E47ECEE25DD9A8CCA9C04 /* SetupView.swift in Sources */ = {isa = PBXBuildFile; fileRef = 118A3B88ABBDD279096A328E /* SetupView.swift */; };
		A4971CA4EE9D23D0D9A9EC75 /* AVFoundation.framework in Frameworks */ = {isa = PBXBuildFile; fileRef = 4843C856864876A7D6AB1BFE /* AVFoundation.framework */; };
		C647F642048B028FA62783C6 /* SpeechRecognizer.swift in Sources */ = {isa = PBXBuildFile; fileRef = 1D7F7450692F8F480DFC1F31 /* SpeechRecognizer.swift */; };
		D0D01482905695DB65C275E6 /* ProviderHealth.swift in Sources */ = {isa = PBXBuildFile; fileRef = 429F9A7BAEB0325C0BD153B3 /* ProviderHealth.swift */; };
		DAFB7883DA67CE3D0862F3A6 /* HotkeyManager.swift in Sources */ = {isa = PBXBuildFile; fileRef = 0B4B4926C223826A31B74A49 /* HotkeyManager.swift */; };
		DC1A2C3CBD48232CF638FE6D /* SessionStore.swift in Sources */ = {isa = PBXBuildFile; fileRef = F9B2B472417B1C23E7009A2E /* SessionStore.swift */; };
		E09A5B56ECA60133BEA1A07E /* NeonSync.swift in Sources */ = {isa = PBXBuildFile; fileRef = 5E5B440CFB283E0592CF46B0 /* NeonSync.swift */; };
		F01B5546C8ECA83F32DB3D22 /* AppViewModel.swift in Sources */ = {isa = PBXBuildFile; fileRef = A468AE1FFC40907E289B9942 /* AppViewModel.swift */; };
/* End PBXBuildFile section */

/* Begin PBXFileReference section */
		07F49371C3A55A95AC69E7AB /* MarkdownView.swift */ = {isa = PBXFileReference; lastKnownFileType = sourcecode.swift; path = MarkdownView.swift; sourceTree = "<group>"; };
		0B4B4926C223826A31B74A49 /* HotkeyManager.swift */ = {isa = PBXFileReference; lastKnownFileType = sourcecode.swift; path = HotkeyManager.swift; sourceTree = "<group>"; };
		118A3B88ABBDD279096A328E /* SetupView.swift */ = {isa = PBXFileReference; lastKnownFileType = sourcecode.swift; path = SetupView.swift; sourceTree = "<group>"; };
		1D7F7450692F8F480DFC1F31 /* SpeechRecognizer.swift */ = {isa = PBXFileReference; lastKnownFileType = sourcecode.swift; path = SpeechRecognizer.swift; sourceTree = "<group>"; };
		1E77E6E05BE0FC92A745D357 /* SilenceDetector.swift */ = {isa = PBXFileReference; lastKnownFileType = sourcecode.swift; path = SilenceDetector.swift; sourceTree = "<group>"; };
		2C27A7099625C0B392452227 /* StyleRecorder.swift */ = {isa = PBXFileReference; lastKnownFileType = sourcecode.swift; path = StyleRecorder.swift; sourceTree = "<group>"; };
		3CE481C24D3866F924580ACD /* ContentView.swift */ = {isa = PBXFileReference; lastKnownFileType = sourcecode.swift; path = ContentView.swift; sourceTree = "<group>"; };
		3DEE52FE5D5331984AF2A926 /* EnvConfig.swift */ = {isa = PBXFileReference; lastKnownFileType = sourcecode.swift; path = EnvConfig.swift; sourceTree = "<group>"; };
		429F9A7BAEB0325C0BD153B3 /* ProviderHealth.swift */ = {isa = PBXFileReference; lastKnownFileType = sourcecode.swift; path = ProviderHealth.swift; sourceTree = "<group>"; };
		47052D880ADFA27F46D73340 /* ShadowPilotApp.swift */ = {isa = PBXFileReference; lastKnownFileType = sourcecode.swift; path = ShadowPilotApp.swift; sourceTree = "<group>"; };
		4843C856864876A7D6AB1BFE /* AVFoundation.framework */ = {isa = PBXFileReference; lastKnownFileType = wrapper.framework; path = AVFoundation.framework; sourceTree = "<group>"; };
		4ADC816024CD2DDA484DC17E /* AnswerView.swift */ = {isa = PBXFileReference; lastKnownFileType = sourcecode.swift; path = AnswerView.swift; sourceTree = "<group>"; };
		4E8A1317EFCB23DC2618186E /* Assets.xcassets */ = {isa = PBXFileReference; lastKnownFileType = folder.assetcatalog; path = Assets.xcassets; sourceTree = "<group>"; };
		50E64B6D456F574501495516 /* GPTService.swift */ = {isa = PBXFileReference; lastKnownFileType = sourcecode.swift; path = GPTService.swift; sourceTree = "<group>"; };
		5E5B440CFB283E0592CF46B0 /* NeonSync.swift */ = {isa = PBXFileReference; lastKnownFileType = sourcecode.swift; path = NeonSync.swift; sourceTree = "<group>"; };
		7433A59D9DD626C7602E6333 /* SystemAudioCapture.swift */ = {isa = PBXFileReference; lastKnownFileType = sourcecode.swift; path = SystemAudioCapture.swift; sourceTree = "<group>"; };
		79B4998652BCBF374D524D85 /* AppDelegate.swift */ = {isa = PBXFileReference; lastKnownFileType = sourcecode.swift; path = AppDelegate.swift; sourceTree = "<group>"; };
		7AC8EC72A0B7356F4983995A /* ConversationTurn.swift */ = {isa = PBXFileReference; lastKnownFileType = sourcecode.swift; path = ConversationTurn.swift; sourceTree = "<group>"; };
		92DA2823402CA978FE9A6AF4 /* Speech.framework */ = {isa = PBXFileReference; lastKnownFileType = wrapper.framework; path = Speech.framework; sourceTree = "<group>"; };
		9FB6E9303C66E7F74705DC02 /* Info.plist */ = {isa = PBXFileReference; lastKnownFileType = text.plist; path = Info.plist; sourceTree = "<group>"; };
		A18162C755B33EE6080BC911 /* ShadowPilot.app */ = {isa = PBXFileReference; explicitFileType = wrapper.application; includeInIndex = 0; path = ShadowPilot.app; sourceTree = BUILT_PRODUCTS_DIR; };
		A468AE1FFC40907E289B9942 /* AppViewModel.swift */ = {isa = PBXFileReference; lastKnownFileType = sourcecode.swift; path = AppViewModel.swift; sourceTree = "<group>"; };
		A8676800AA4AE8AD433401D7 /* ScreenshotCapture.swift */ = {isa = PBXFileReference; lastKnownFileType = sourcecode.swift; path = ScreenshotCapture.swift; sourceTree = "<group>"; };
		A8AAAD4D0765FE15D8B74289 /* BedrockService.swift */ = {isa = PBXFileReference; lastKnownFileType = sourcecode.swift; path = BedrockService.swift; sourceTree = "<group>"; };
		C23EC70FF80E785ACAB2A922 /* OverlayWindowController.swift */ = {isa = PBXFileReference; lastKnownFileType = sourcecode.swift; path = OverlayWindowController.swift; sourceTree = "<group>"; };
		E736887ED93B9A8892C53152 /* HistoryView.swift */ = {isa = PBXFileReference; lastKnownFileType = sourcecode.swift; path = HistoryView.swift; sourceTree = "<group>"; };
		EC14EF449C62406CCF3890B9 /* ScreenCaptureKit.framework */ = {isa = PBXFileReference; lastKnownFileType = wrapper.framework; path = ScreenCaptureKit.framework; sourceTree = "<group>"; };
		F9B2B472417B1C23E7009A2E /* SessionStore.swift */ = {isa = PBXFileReference; lastKnownFileType = sourcecode.swift; path = SessionStore.swift; sourceTree = "<group>"; };
		FE787A118F5C5B13F456C5E2 /* ModelRouter.swift */ = {isa = PBXFileReference; lastKnownFileType = sourcecode.swift; path = ModelRouter.swift; sourceTree = "<group>"; };
/* End PBXFileReference section */

/* Begin PBXFrameworksBuildPhase section */
		D88CD05B64112E9489059E7C /* Frameworks */ = {
			isa = PBXFrameworksBuildPhase;
			buildActionMask = 2147483647;
			files = (
				2FF0E010C1C14362D5606417 /* ScreenCaptureKit.framework in Frameworks */,
				282F9409BF1DDB395CBE2FD3 /* Speech.framework in Frameworks */,
				A4971CA4EE9D23D0D9A9EC75 /* AVFoundation.framework in Frameworks */,
			);
			runOnlyForDeploymentPostprocessing = 0;
		};
/* End PBXFrameworksBuildPhase section */

/* Begin PBXGroup section */
		007D5AC758A020D43C00914A /* Frameworks */ = {
			isa = PBXGroup;
			children = (
				4843C856864876A7D6AB1BFE /* AVFoundation.framework */,
				EC14EF449C62406CCF3890B9 /* ScreenCaptureKit.framework */,
				92DA2823402CA978FE9A6AF4 /* Speech.framework */,
			);
			name = Frameworks;
			sourceTree = "<group>";
		};
		4BAEDD5D5ED015A87A3D5C8A = {
			isa = PBXGroup;
			children = (
				BCDF50DB31FD52E368680752 /* ShadowPilot */,
				007D5AC758A020D43C00914A /* Frameworks */,
				8C6D2BD7FC2F2851F77AF21E /* Products */,
			);
			sourceTree = "<group>";
		};
		4CA95D71B060DA727E3FE29B /* Services */ = {
			isa = PBXGroup;
			children = (
				A468AE1FFC40907E289B9942 /* AppViewModel.swift */,
				A8AAAD4D0765FE15D8B74289 /* BedrockService.swift */,
				7AC8EC72A0B7356F4983995A /* ConversationTurn.swift */,
				3DEE52FE5D5331984AF2A926 /* EnvConfig.swift */,
				50E64B6D456F574501495516 /* GPTService.swift */,
				0B4B4926C223826A31B74A49 /* HotkeyManager.swift */,
				FE787A118F5C5B13F456C5E2 /* ModelRouter.swift */,
				5E5B440CFB283E0592CF46B0 /* NeonSync.swift */,
				429F9A7BAEB0325C0BD153B3 /* ProviderHealth.swift */,
				A8676800AA4AE8AD433401D7 /* ScreenshotCapture.swift */,
				F9B2B472417B1C23E7009A2E /* SessionStore.swift */,
				1E77E6E05BE0FC92A745D357 /* SilenceDetector.swift */,
				1D7F7450692F8F480DFC1F31 /* SpeechRecognizer.swift */,
				2C27A7099625C0B392452227 /* StyleRecorder.swift */,
				7433A59D9DD626C7602E6333 /* SystemAudioCapture.swift */,
			);
			path = Services;
			sourceTree = "<group>";
		};
		8C6D2BD7FC2F2851F77AF21E /* Products */ = {
			isa = PBXGroup;
			children = (
				A18162C755B33EE6080BC911 /* ShadowPilot.app */,
			);
			name = Products;
			sourceTree = "<group>";
		};
		BCDF50DB31FD52E368680752 /* ShadowPilot */ = {
			isa = PBXGroup;
			children = (
				79B4998652BCBF374D524D85 /* AppDelegate.swift */,
				4E8A1317EFCB23DC2618186E /* Assets.xcassets */,
				9FB6E9303C66E7F74705DC02 /* Info.plist */,
				C23EC70FF80E785ACAB2A922 /* OverlayWindowController.swift */,
				47052D880ADFA27F46D73340 /* ShadowPilotApp.swift */,
				4CA95D71B060DA727E3FE29B /* Services */,
				EC0CEDF542EB2406EDBF8DBF /* Views */,
			);
			path = ShadowPilot;
			sourceTree = "<group>";
		};
		EC0CEDF542EB2406EDBF8DBF /* Views */ = {
			isa = PBXGroup;
			children = (
				4ADC816024CD2DDA484DC17E /* AnswerView.swift */,
				3CE481C24D3866F924580ACD /* ContentView.swift */,
				E736887ED93B9A8892C53152 /* HistoryView.swift */,
				07F49371C3A55A95AC69E7AB /* MarkdownView.swift */,
				118A3B88ABBDD279096A328E /* SetupView.swift */,
			);
			path = Views;
			sourceTree = "<group>";
		};
/* End PBXGroup section */

/* Begin PBXNativeTarget section */
		205C5C3579F7ABD8DE1DBE61 /* ShadowPilot */ = {
			isa = PBXNativeTarget;
			buildConfigurationList = 7209B9D0E58FAC5374521779 /* Build configuration list for PBXNativeTarget "ShadowPilot" */;
			buildPhases = (
				A08207B89E45E006AD364399 /* Sources */,
				21400BD1497354561C46CDEE /* Resources */,
				D88CD05B64112E9489059E7C /* Frameworks */,
			);
			buildRules = (
			);
			dependencies = (
			);
			name = ShadowPilot;
			packageProductDependencies = (
			);
			productName = ShadowPilot;
			productReference = A18162C755B33EE6080BC911 /* ShadowPilot.app */;
			productType = "com.apple.product-type.application";
		};
/* End PBXNativeTarget section */

/* Begin PBXProject section */
		4C38CF21D45C3D37DEFF2734 /* Project object */ = {
			isa = PBXProject;
			attributes = {
				BuildIndependentTargetsInParallel = YES;
				LastUpgradeCheck = 1430;
				TargetAttributes = {
				};
			};
			buildConfigurationList = 349A403430CCDC672773292D /* Build configuration list for PBXProject "ShadowPilot" */;
			developmentRegion = en;
			hasScannedForEncodings = 0;
			knownRegions = (
				Base,
				en,
			);
			mainGroup = 4BAEDD5D5ED015A87A3D5C8A;
			minimizedProjectReferenceProxies = 1;
			preferredProjectObjectVersion = 77;
			productRefGroup = 8C6D2BD7FC2F2851F77AF21E /* Products */;
			projectDirPath = "";
			projectRoot = "";
			targets = (
				205C5C3579F7ABD8DE1DBE61 /* ShadowPilot */,
			);
		};
/* End PBXProject section */

/* Begin PBXResourcesBuildPhase section */
		21400BD1497354561C46CDEE /* Resources */ = {
			isa = PBXResourcesBuildPhase;
			buildActionMask = 2147483647;
			files = (
				2690A06CBE9725F6FC37EE6C /* Assets.xcassets in Resources */,
			);
			runOnlyForDeploymentPostprocessing = 0;
		};
/* End PBXResourcesBuildPhase section */

/* Begin PBXSourcesBuildPhase section */
		A08207B89E45E006AD364399 /* Sources */ = {
			isa = PBXSourcesBuildPhase;
			buildActionMask = 2147483647;
			files = (
				0043F4C3C4EAEA88EC8C53DF /* AnswerView.swift in Sources */,
				0A0B327DA94830BB8990A7CD /* AppDelegate.swift in Sources */,
				F01B5546C8ECA83F32DB3D22 /* AppViewModel.swift in Sources */,
				4B0357380D727D1FBD7EC6B4 /* BedrockService.swift in Sources */,
				8CCC39CAB005D7FFBAD55348 /* ContentView.swift in Sources */,
				88C5ACA413E6F0DB3C2814C9 /* ConversationTurn.swift in Sources */,
				73AADB8396944B7157BECEFB /* EnvConfig.swift in Sources */,
				27EE62EC8743B3064B1BC6C6 /* GPTService.swift in Sources */,
				8848228B8100520E9F9EDE97 /* HistoryView.swift in Sources */,
				DAFB7883DA67CE3D0862F3A6 /* HotkeyManager.swift in Sources */,
				1B7D3B3A0070E97A45CC1CE9 /* MarkdownView.swift in Sources */,
				27E2CB7873A25E4EA25303D7 /* ModelRouter.swift in Sources */,
				E09A5B56ECA60133BEA1A07E /* NeonSync.swift in Sources */,
				388A9F028975A1B654ED897A /* OverlayWindowController.swift in Sources */,
				D0D01482905695DB65C275E6 /* ProviderHealth.swift in Sources */,
				5AA990CA93BF8F0C00854CC3 /* ScreenshotCapture.swift in Sources */,
				DC1A2C3CBD48232CF638FE6D /* SessionStore.swift in Sources */,
				921E47ECEE25DD9A8CCA9C04 /* SetupView.swift in Sources */,
				1A79D6EDD993FB2E2D5697B8 /* ShadowPilotApp.swift in Sources */,
				42D4C0F0F6DA3A9EA4FD31D3 /* SilenceDetector.swift in Sources */,
				C647F642048B028FA62783C6 /* SpeechRecognizer.swift in Sources */,
				4C40D7BDAAE1FBF12F5687F5 /* StyleRecorder.swift in Sources */,
				08392CF75E23B59DFC5ED4E5 /* SystemAudioCapture.swift in Sources */,
			);
			runOnlyForDeploymentPostprocessing = 0;
		};
/* End PBXSourcesBuildPhase section */

/* Begin XCBuildConfiguration section */
		60F5FEDBC085680392C4653B /* Release */ = {
			isa = XCBuildConfiguration;
			buildSettings = {
				ALWAYS_SEARCH_USER_PATHS = NO;
				CLANG_ANALYZER_NONNULL = YES;
				CLANG_ANALYZER_NUMBER_OBJECT_CONVERSION = YES_AGGRESSIVE;
				CLANG_CXX_LANGUAGE_STANDARD = "gnu++14";
				CLANG_CXX_LIBRARY = "libc++";
				CLANG_ENABLE_MODULES = YES;
				CLANG_ENABLE_OBJC_ARC = YES;
				CLANG_ENABLE_OBJC_WEAK = YES;
				CLANG_WARN_BLOCK_CAPTURE_AUTORELEASING = YES;
				CLANG_WARN_BOOL_CONVERSION = YES;
				CLANG_WARN_COMMA = YES;
				CLANG_WARN_CONSTANT_CONVERSION = YES;
				CLANG_WARN_DEPRECATED_OBJC_IMPLEMENTATIONS = YES;
				CLANG_WARN_DIRECT_OBJC_ISA_USAGE = YES_ERROR;
				CLANG_WARN_DOCUMENTATION_COMMENTS = YES;
				CLANG_WARN_EMPTY_BODY = YES;
				CLANG_WARN_ENUM_CONVERSION = YES;
				CLANG_WARN_INFINITE_RECURSION = YES;
				CLANG_WARN_INT_CONVERSION = YES;
				CLANG_WARN_NON_LITERAL_NULL_CONVERSION = YES;
				CLANG_WARN_OBJC_IMPLICIT_RETAIN_SELF = YES;
				CLANG_WARN_OBJC_LITERAL_CONVERSION = YES;
				CLANG_WARN_OBJC_ROOT_CLASS = YES_ERROR;
				CLANG_WARN_QUOTED_INCLUDE_IN_FRAMEWORK_HEADER = YES;
				CLANG_WARN_RANGE_LOOP_ANALYSIS = YES;
				CLANG_WARN_STRICT_PROTOTYPES = YES;
				CLANG_WARN_SUSPICIOUS_MOVE = YES;
				CLANG_WARN_UNGUARDED_AVAILABILITY = YES_AGGRESSIVE;
				CLANG_WARN_UNREACHABLE_CODE = YES;
				CLANG_WARN__DUPLICATE_METHOD_MATCH = YES;
				COPY_PHASE_STRIP = NO;
				DEBUG_INFORMATION_FORMAT = "dwarf-with-dsym";
				ENABLE_NS_ASSERTIONS = NO;
				ENABLE_STRICT_OBJC_MSGSEND = YES;
				GCC_C_LANGUAGE_STANDARD = gnu11;
				GCC_NO_COMMON_BLOCKS = YES;
				GCC_WARN_64_TO_32_BIT_CONVERSION = YES;
				GCC_WARN_ABOUT_RETURN_TYPE = YES_ERROR;
				GCC_WARN_UNDECLARED_SELECTOR = YES;
				GCC_WARN_UNINITIALIZED_AUTOS = YES_AGGRESSIVE;
				GCC_WARN_UNUSED_FUNCTION = YES;
				GCC_WARN_UNUSED_VARIABLE = YES;
				MACOSX_DEPLOYMENT_TARGET = 13.0;
				MTL_ENABLE_DEBUG_INFO = NO;
				MTL_FAST_MATH = YES;
				PRODUCT_NAME = "$(TARGET_NAME)";
				SDKROOT = macosx;
				SWIFT_COMPILATION_MODE = wholemodule;
				SWIFT_OPTIMIZATION_LEVEL = "-O";
				SWIFT_VERSION = 5.9;
			};
			name = Release;
		};
		6C63C623B5C6DD4DD5A9DEE7 /* Debug */ = {
			isa = XCBuildConfiguration;
			buildSettings = {
				ASSETCATALOG_COMPILER_APPICON_NAME = AppIcon;
				CODE_SIGN_ENTITLEMENTS = ShadowPilot/ShadowPilot.entitlements;
				CODE_SIGN_IDENTITY = "-";
				COMBINE_HIDPI_IMAGES = YES;
				ENABLE_HARDENED_RUNTIME = NO;
				FRAMEWORK_SEARCH_PATHS = (
					"$(inherited)",
					"\".\"",
				);
				INFOPLIST_FILE = ShadowPilot/Info.plist;
				LD_RUNPATH_SEARCH_PATHS = (
					"$(inherited)",
					"@executable_path/../Frameworks",
				);
				PRODUCT_BUNDLE_IDENTIFIER = com.shadowpilot.app;
				SDKROOT = macosx;
			};
			name = Debug;
		};
		C632B92409C8D7CE70B16D6C /* Release */ = {
			isa = XCBuildConfiguration;
			buildSettings = {
				ASSETCATALOG_COMPILER_APPICON_NAME = AppIcon;
				CODE_SIGN_ENTITLEMENTS = ShadowPilot/ShadowPilot.entitlements;
				CODE_SIGN_IDENTITY = "-";
				COMBINE_HIDPI_IMAGES = YES;
				ENABLE_HARDENED_RUNTIME = NO;
				FRAMEWORK_SEARCH_PATHS = (
					"$(inherited)",
					"\".\"",
				);
				INFOPLIST_FILE = ShadowPilot/Info.plist;
				LD_RUNPATH_SEARCH_PATHS = (
					"$(inherited)",
					"@executable_path/../Frameworks",
				);
				PRODUCT_BUNDLE_IDENTIFIER = com.shadowpilot.app;
				SDKROOT = macosx;
			};
			name = Release;
		};
		E0C4C848F668DA14FE63404E /* Debug */ = {
			isa = XCBuildConfiguration;
			buildSettings = {
				ALWAYS_SEARCH_USER_PATHS = NO;
				CLANG_ANALYZER_NONNULL = YES;
				CLANG_ANALYZER_NUMBER_OBJECT_CONVERSION = YES_AGGRESSIVE;
				CLANG_CXX_LANGUAGE_STANDARD = "gnu++14";
				CLANG_CXX_LIBRARY = "libc++";
				CLANG_ENABLE_MODULES = YES;
				CLANG_ENABLE_OBJC_ARC = YES;
				CLANG_ENABLE_OBJC_WEAK = YES;
				CLANG_WARN_BLOCK_CAPTURE_AUTORELEASING = YES;
				CLANG_WARN_BOOL_CONVERSION = YES;
				CLANG_WARN_COMMA = YES;
				CLANG_WARN_CONSTANT_CONVERSION = YES;
				CLANG_WARN_DEPRECATED_OBJC_IMPLEMENTATIONS = YES;
				CLANG_WARN_DIRECT_OBJC_ISA_USAGE = YES_ERROR;
				CLANG_WARN_DOCUMENTATION_COMMENTS = YES;
				CLANG_WARN_EMPTY_BODY = YES;
				CLANG_WARN_ENUM_CONVERSION = YES;
				CLANG_WARN_INFINITE_RECURSION = YES;
				CLANG_WARN_INT_CONVERSION = YES;
				CLANG_WARN_NON_LITERAL_NULL_CONVERSION = YES;
				CLANG_WARN_OBJC_IMPLICIT_RETAIN_SELF = YES;
				CLANG_WARN_OBJC_LITERAL_CONVERSION = YES;
				CLANG_WARN_OBJC_ROOT_CLASS = YES_ERROR;
				CLANG_WARN_QUOTED_INCLUDE_IN_FRAMEWORK_HEADER = YES;
				CLANG_WARN_RANGE_LOOP_ANALYSIS = YES;
				CLANG_WARN_STRICT_PROTOTYPES = YES;
				CLANG_WARN_SUSPICIOUS_MOVE = YES;
				CLANG_WARN_UNGUARDED_AVAILABILITY = YES_AGGRESSIVE;
				CLANG_WARN_UNREACHABLE_CODE = YES;
				CLANG_WARN__DUPLICATE_METHOD_MATCH = YES;
				COPY_PHASE_STRIP = NO;
				DEBUG_INFORMATION_FORMAT = dwarf;
				ENABLE_STRICT_OBJC_MSGSEND = YES;
				ENABLE_TESTABILITY = YES;
				GCC_C_LANGUAGE_STANDARD = gnu11;
				GCC_DYNAMIC_NO_PIC = NO;
				GCC_NO_COMMON_BLOCKS = YES;
				GCC_OPTIMIZATION_LEVEL = 0;
				GCC_PREPROCESSOR_DEFINITIONS = (
					"$(inherited)",
					"DEBUG=1",
				);
				GCC_WARN_64_TO_32_BIT_CONVERSION = YES;
				GCC_WARN_ABOUT_RETURN_TYPE = YES_ERROR;
				GCC_WARN_UNDECLARED_SELECTOR = YES;
				GCC_WARN_UNINITIALIZED_AUTOS = YES_AGGRESSIVE;
				GCC_WARN_UNUSED_FUNCTION = YES;
				GCC_WARN_UNUSED_VARIABLE = YES;
				MACOSX_DEPLOYMENT_TARGET = 13.0;
				MTL_ENABLE_DEBUG_INFO = INCLUDE_SOURCE;
				MTL_FAST_MATH = YES;
				ONLY_ACTIVE_ARCH = YES;
				PRODUCT_NAME = "$(TARGET_NAME)";
				SDKROOT = macosx;
				SWIFT_ACTIVE_COMPILATION_CONDITIONS = DEBUG;
				SWIFT_OPTIMIZATION_LEVEL = "-Onone";
				SWIFT_VERSION = 5.9;
			};
			name = Debug;
		};
/* End XCBuildConfiguration section */

/* Begin XCConfigurationList section */
		349A403430CCDC672773292D /* Build configuration list for PBXProject "ShadowPilot" */ = {
			isa = XCConfigurationList;
			buildConfigurations = (
				E0C4C848F668DA14FE63404E /* Debug */,
				60F5FEDBC085680392C4653B /* Release */,
			);
			defaultConfigurationIsVisible = 0;
			defaultConfigurationName = Debug;
		};
		7209B9D0E58FAC5374521779 /* Build configuration list for PBXNativeTarget "ShadowPilot" */ = {
			isa = XCConfigurationList;
			buildConfigurations = (
				6C63C623B5C6DD4DD5A9DEE7 /* Debug */,
				C632B92409C8D7CE70B16D6C /* Release */,
			);
			defaultConfigurationIsVisible = 0;
			defaultConfigurationName = Debug;
		};
/* End XCConfigurationList section */
	};
	rootObject = 4C38CF21D45C3D37DEFF2734 /* Project object */;
}
